// !$*UTF8*$!
{
	archiveVersion = 1;
	classes = {
	};
	objectVersion = 77;
	objects = {

/* Begin PBXContainerItemProxy section */
		1869DC9A2EC16680005E7109 /* PBXContainerItemProxy */ = {
			isa = PBXContainerItemProxy;
			containerPortal = 1869DC842EC1667A005E7109 /* Project object */;
			proxyType = 1;
			remoteGlobalIDString = 1869DC8B2EC1667A005E7109;
			remoteInfo = "カウントダウン";
		};
		1869DCA42EC16680005E7109 /* PBXContainerItemProxy */ = {
			isa = PBXContainerItemProxy;
			containerPortal = 1869DC842EC1667A005E7109 /* Project object */;
			proxyType = 1;
			remoteGlobalIDString = 1869DC8B2EC1667A005E7109;
			remoteInfo = "カウントダウン";
		};
/* End PBXContainerItemProxy section */

/* Begin PBXFileReference section */
		1869DC8C2EC1667A005E7109 /* カウントダウン.app */ = {isa = PBXFileReference; explicitFileType = wrapper.application; includeInIndex = 0; path = "カウントダウン.app"; sourceTree = BUILT_PRODUCTS_DIR; };
		1869DC992EC16680005E7109 /* カウントダウンTests.xctest */ = {isa = PBXFileReference; explicitFileType = wrapper.cfbundle; includeInIndex = 0; path = "カウントダウンTests.xctest"; sourceTree = BUILT_PRODUCTS_DIR; };
		1869DCA32EC16680005E7109 /* カウントダウンUITests.xctest */ = {isa = PBXFileReference; explicitFileType = wrapper.cfbundle; includeInIndex = 0; path = "カウントダウンUITests.xctest"; sourceTree = BUILT_PRODUCTS_DIR; };
/* End PBXFileReference section */

/* Begin PBXFileSystemSynchronizedRootGroup section */
		1869DC8E2EC1667A005E7109 /* カウントダウン */ = {
			isa = PBXFileSystemSynchronizedRootGroup;
			path = "カウントダウン";
			sourceTree = "<group>";
		};
		1869DC9C2EC16680005E7109 /* カウントダウンTests */ = {
			isa = PBXFileSystemSynchronizedRootGroup;
			path = "カウントダウンTests";
			sourceTree = "<group>";
		};
		1869DCA62EC16680005E7109 /* カウントダウンUITests */ = {
			isa = PBXFileSystemSynchronizedRootGroup;
			path = "カウントダウンUITests";
			sourceTree = "<group>";
		};
/* End PBXFileSystemSynchronizedRootGroup section */

/* Begin PBXFrameworksBuildPhase section */
		1869DC892EC1667A005E7109 /* Frameworks */ = {
			isa = PBXFrameworksBuildPhase;
			buildActionMask = 2147483647;
			files = (
			);
			runOnlyForDeploymentPostprocessing = 0;
		};
		1869DC962EC16680005E7109 /* Frameworks */ = {
			isa = PBXFrameworksBuildPhase;
			buildActionMask = 2147483647;
			files = (
			);
			runOnlyForDeploymentPostprocessing = 0;
		};
		1869DCA02EC16680005E7109 /* Frameworks */ = {
			isa = PBXFrameworksBuildPhase;
			buildActionMask = 2147483647;
			files = (
			);
			runOnlyForDeploymentPostprocessing = 0;
		};
/* End PBXFrameworksBuildPhase section */

/* Begin PBXGroup section */
		1869DC832EC1667A005E7109 = {
			isa = PBXGroup;
			children = (
				1869DC8E2EC1667A005E7109 /* カウントダウン */,
				1869DC9C2EC16680005E7109 /* カウントダウンTests */,
				1869DCA62EC16680005E7109 /* カウントダウンUITests */,
				1869DC8D2EC1667A005E7109 /* Products */,
			);
			sourceTree = "<group>";
		};
		1869DC8D2EC1667A005E7109 /* Products */ = {
			isa = PBXGroup;
			children = (
				1869DC8C2EC1667A005E7109 /* カウントダウン.app */,
				1869DC992EC16680005E7109 /* カウントダウンTests.xctest */,
				1869DCA32EC16680005E7109 /* カウントダウンUITests.xctest */,
			);
			name = Products;
			sourceTree = "<group>";
		};
/* End PBXGroup section */

/* Begin PBXNativeTarget section */
		1869DC8B2EC1667A005E7109 /* カウントダウン */ = {
			isa = PBXNativeTarget;
			buildConfigurationList = 1869DCAD2EC16680005E7109 /* Build configuration list for PBXNativeTarget "カウントダウン" */;
			buildPhases = (
				1869DC882EC1667A005E7109 /* Sources */,
				1869DC892EC1667A005E7109 /* Frameworks */,
				1869DC8A2EC1667A005E7109 /* Resources */,
			);
			buildRules = (
			);
			dependencies = (
			);
			fileSystemSynchronizedGroups = (
				1869DC8E2EC1667A005E7109 /* カウントダウン */,
			);
			name = "カウントダウン";
			packageProductDependencies = (
			);
			productName = "カウントダウン";
			productReference = 1869DC8C2EC1667A005E7109 /* カウントダウン.app */;
			productType = "com.apple.product-type.application";
		};
		1869DC982EC16680005E7109 /* カウントダウンTests */ = {
			isa = PBXNativeTarget;
			buildConfigurationList = 1869DCB02EC16680005E7109 /* Build configuration list for PBXNativeTarget "カウントダウンTests" */;
			buildPhases = (
				1869DC952EC16680005E7109 /* Sources */,
				1869DC962EC16680005E7109 /* Frameworks */,
				1869DC972EC16680005E7109 /* Resources */,
			);
			buildRules = (
			);
			dependencies = (
				1869DC9B2EC16680005E7109 /* PBXTargetDependency */,
			);
			fileSystemSynchronizedGroups = (
				1869DC9C2EC16680005E7109 /* カウントダウンTests */,
			);
			name = "カウントダウンTests";
			packageProductDependencies = (
			);
			productName = "カウントダウンTests";
			productReference = 1869DC992EC16680005E7109 /* カウントダウンTests.xctest */;
			productType = "com.apple.product-type.bundle.unit-test";
		};
		1869DCA22EC16680005E7109 /* カウントダウンUITests */ = {
			isa = PBXNativeTarget;
			buildConfigurationList = 1869DCB32EC16680005E7109 /* Build configuration list for PBXNativeTarget "カウントダウンUITests" */;
			buildPhases = (
				1869DC9F2EC16680005E7109 /* Sources */,
				1869DCA02EC16680005E7109 /* Frameworks */,
				1869DCA12EC16680005E7109 /* Resources */,
			);
			buildRules = (
			);
			dependencies = (
				1869DCA52EC16680005E7109 /* PBXTargetDependency */,
			);
			fileSystemSynchronizedGroups = (
				1869DCA62EC16680005E7109 /* カウントダウンUITests */,
			);
			name = "カウントダウンUITests";
			packageProductDependencies = (
			);
			productName = "カウントダウンUITests";
			productReference = 1869DCA32EC16680005E7109 /* カウントダウンUITests.xctest */;
			productType = "com.apple.product-type.bundle.ui-testing";
		};
/* End PBXNativeTarget section */

/* Begin PBXProject section */
		1869DC842EC1667A005E7109 /* Project object */ = {
			isa = PBXProject;
			attributes = {
				BuildIndependentTargetsInParallel = 1;
				LastSwiftUpdateCheck = 1630;
				LastUpgradeCheck = 1630;
				TargetAttributes = {
					1869DC8B2EC1667A005E7109 = {
						CreatedOnToolsVersion = 16.3;
					};
					1869DC982EC16680005E7109 = {
						CreatedOnToolsVersion = 16.3;
						TestTargetID = 1869DC8B2EC1667A005E7109;
					};
					1869DCA22EC16680005E7109 = {
						CreatedOnToolsVersion = 16.3;
						TestTargetID = 1869DC8B2EC1667A005E7109;
					};
				};
			};
			buildConfigurationList = 1869DC872EC1667A005E7109 /* Build configuration list for PBXProject "カウントダウン" */;
			developmentRegion = en;
			hasScannedForEncodings = 0;
			knownRegions = (
				en,
				Base,
			);
			mainGroup = 1869DC832EC1667A005E7109;
			minimizedProjectReferenceProxies = 1;
			preferredProjectObjectVersion = 77;
			productRefGroup = 1869DC8D2EC1667A005E7109 /* Products */;
			projectDirPath = "";
			projectRoot = "";
			targets = (
				1869DC8B2EC1667A005E7109 /* カウントダウン */,
				1869DC982EC16680005E7109 /* カウントダウンTests */,
				1869DCA22EC16680005E7109 /* カウントダウンUITests */,
			);
		};
/* End PBXProject section */

/* Begin PBXResourcesBuildPhase section */
		1869DC8A2EC1667A005E7109 /* Resources */ = {
			isa = PBXResourcesBuildPhase;
			buildActionMask = 2147483647;
			files = (
			);
			runOnlyForDeploymentPostprocessing = 0;
		};
		1869DC972EC16680005E7109 /* Resources */ = {
			isa = PBXResourcesBuildPhase;
			buildActionMask = 2147483647;
			files = (
			);
			runOnlyForDeploymentPostprocessing = 0;
		};
		1869DCA12EC16680005E7109 /* Resources */ = {
			isa = PBXResourcesBuildPhase;
			buildActionMask = 2147483647;
			files = (
			);
			runOnlyForDeploymentPostprocessing = 0;
		};
/* End PBXResourcesBuildPhase section */

/* Begin PBXSourcesBuildPhase section */
		1869DC882EC1667A005E7109 /* Sources */ = {
			isa = PBXSourcesBuildPhase;
			buildActionMask = 2147483647;
			files = (
			);
			runOnlyForDeploymentPostprocessing = 0;
		};
		1869DC952EC16680005E7109 /* Sources */ = {
			isa = PBXSourcesBuildPhase;
			buildActionMask = 2147483647;
			files = (
			);
			runOnlyForDeploymentPostprocessing = 0;
		};
		1869DC9F2EC16680005E7109 /* Sources */ = {
			isa = PBXSourcesBuildPhase;
			buildActionMask = 2147483647;
			files = (
			);
			runOnlyForDeploymentPostprocessing = 0;
		};
/* End PBXSourcesBuildPhase section */

/* Begin PBXTargetDependency section */
		1869DC9B2EC16680005E7109 /* PBXTargetDependency */ = {
			isa = PBXTargetDependency;
			target = 1869DC8B2EC1667A005E7109 /* カウントダウン */;
			targetProxy = 1869DC9A2EC16680005E7109 /* PBXContainerItemProxy */;
		};
		1869DCA52EC16680005E7109 /* PBXTargetDependency */ = {
			isa = PBXTargetDependency;
			target = 1869DC8B2EC1667A005E7109 /* カウントダウン */;
			targetProxy = 1869DCA42EC16680005E7109 /* PBXContainerItemProxy */;
		};
/* End PBXTargetDependency section */

/* Begin XCBuildConfiguration section */
		1869DCAB2EC16680005E7109 /* Debug */ = {
			isa = XCBuildConfiguration;
			buildSettings = {
				ALWAYS_SEARCH_USER_PATHS = NO;
				ASSETCATALOG_COMPILER_GENERATE_SWIFT_ASSET_SYMBOL_EXTENSIONS = YES;
				CLANG_ANALYZER_NONNULL = YES;
				CLANG_ANALYZER_NUMBER_OBJECT_CONVERSION = YES_AGGRESSIVE;
				CLANG_CXX_LANGUAGE_STANDARD = "gnu++20";
				CLANG_ENABLE_MODULES = YES;
				CLANG_ENABLE_OBJC_ARC = YES;
				CLANG_ENABLE_OBJC_WEAK = YES;
				CLANG_WARN_BLOCK_CAPTURE_AUTORELEASING = YES;
				CLANG_WARN_BOOL_CONVERSION = YES;
				CLANG_WARN_COMMA = YES;
				CLANG_WARN_CONSTANT_CONVERSION = YES;
				CLANG_WARN_DEPRECATED_OBJC_IMPLEMENTATIONS = YES;
				CLANG_WARN_DIRECT_OBJC_ISA_USAGE = YES_ERROR;
				CLANG_WARN_DOCUMENTATION_COMMENTS = YES;
				CLANG_WARN_EMPTY_BODY = YES;
				CLANG_WARN_ENUM_CONVERSION = YES;
				CLANG_WARN_INFINITE_RECURSION = YES;
				CLANG_WARN_INT_CONVERSION = YES;
				CLANG_WARN_NON_LITERAL_NULL_CONVERSION = YES;
				CLANG_WARN_OBJC_IMPLICIT_RETAIN_SELF = YES;
				CLANG_WARN_OBJC_LITERAL_CONVERSION = YES;
				CLANG_WARN_OBJC_ROOT_CLASS = YES_ERROR;
				CLANG_WARN_QUOTED_INCLUDE_IN_FRAMEWORK_HEADER = YES;
				CLANG_WARN_RANGE_LOOP_ANALYSIS = YES;
				CLANG_WARN_STRICT_PROTOTYPES = YES;
				CLANG_WARN_SUSPICIOUS_MOVE = YES;
				CLANG_WARN_UNGUARDED_AVAILABILITY = YES_AGGRESSIVE;
				CLANG_WARN_UNREACHABLE_CODE = YES;
				CLANG_WARN__DUPLICATE_METHOD_MATCH = YES;
				COPY_PHASE_STRIP = NO;
				DEBUG_INFORMATION_FORMAT = dwarf;
				DEVELOPMENT_TEAM = TB9B9824U4;
				ENABLE_STRICT_OBJC_MSGSEND = YES;
				ENABLE_TESTABILITY = YES;
				ENABLE_USER_SCRIPT_SANDBOXING = YES;
				GCC_C_LANGUAGE_STANDARD = gnu17;
				GCC_DYNAMIC_NO_PIC = NO;
				GCC_NO_COMMON_BLOCKS = YES;
				GCC_OPTIMIZATION_LEVEL = 0;
				GCC_PREPROCESSOR_DEFINITIONS = (
					"DEBUG=1",
					"$(inherited)",
				);
				GCC_WARN_64_TO_32_BIT_CONVERSION = YES;
				GCC_WARN_ABOUT_RETURN_TYPE = YES_ERROR;
				GCC_WARN_UNDECLARED_SELECTOR = YES;
				GCC_WARN_UNINITIALIZED_AUTOS = YES_AGGRESSIVE;
				GCC_WARN_UNUSED_FUNCTION = YES;
				GCC_WARN_UNUSED_VARIABLE = YES;
				IPHONEOS_DEPLOYMENT_TARGET = 18.4;
				LOCALIZATION_PREFERS_STRING_CATALOGS = YES;
				MTL_ENABLE_DEBUG_INFO = INCLUDE_SOURCE;
				MTL_FAST_MATH = YES;
				ONLY_ACTIVE_ARCH = YES;
				SDKROOT = iphoneos;
				SWIFT_ACTIVE_COMPILATION_CONDITIONS = "DEBUG $(inherited)";
				SWIFT_OPTIMIZATION_LEVEL = "-Onone";
			};
			name = Debug;
		};
		1869DCAC2EC16680005E7109 /* Release */ = {
			isa = XCBuildConfiguration;
			buildSettings = {
				ALWAYS_SEARCH_USER_PATHS = NO;
				ASSETCATALOG_COMPILER_GENERATE_SWIFT_ASSET_SYMBOL_EXTENSIONS = YES;
				CLANG_ANALYZER_NONNULL = YES;
				CLANG_ANALYZER_NUMBER_OBJECT_CONVERSION = YES_AGGRESSIVE;
				CLANG_CXX_LANGUAGE_STANDARD = "gnu++20";
				CLANG_ENABLE_MODULES = YES;
				CLANG_ENABLE_OBJC_ARC = YES;
				CLANG_ENABLE_OBJC_WEAK = YES;
				CLANG_WARN_BLOCK_CAPTURE_AUTORELEASING = YES;
				CLANG_WARN_BOOL_CONVERSION = YES;
				CLANG_WARN_COMMA = YES;
				CLANG_WARN_CONSTANT_CONVERSION = YES;
				CLANG_WARN_DEPRECATED_OBJC_IMPLEMENTATIONS = YES;
				CLANG_WARN_DIRECT_OBJC_ISA_USAGE = YES_ERROR;
				CLANG_WARN_DOCUMENTATION_COMMENTS = YES;
				CLANG_WARN_EMPTY_BODY = YES;
				CLANG_WARN_ENUM_CONVERSION = YES;
				CLANG_WARN_INFINITE_RECURSION = YES;
				CLANG_WARN_INT_CONVERSION = YES;
				CLANG_WARN_NON_LITERAL_NULL_CONVERSION = YES;
				CLANG_WARN_OBJC_IMPLICIT_RETAIN_SELF = YES;
				CLANG_WARN_OBJC_LITERAL_CONVERSION = YES;
				CLANG_WARN_OBJC_ROOT_CLASS = YES_ERROR;
				CLANG_WARN_QUOTED_INCLUDE_IN_FRAMEWORK_HEADER = YES;
				CLANG_WARN_RANGE_LOOP_ANALYSIS = YES;
				CLANG_WARN_STRICT_PROTOTYPES = YES;
				CLANG_WARN_SUSPICIOUS_MOVE = YES;
				CLANG_WARN_UNGUARDED_AVAILABILITY = YES_AGGRESSIVE;
				CLANG_WARN_UNREACHABLE_CODE = YES;
				CLANG_WARN__DUPLICATE_METHOD_MATCH = YES;
				COPY_PHASE_STRIP = NO;
				DEBUG_INFORMATION_FORMAT = "dwarf-with-dsym";
				DEVELOPMENT_TEAM = TB9B9824U4;
				ENABLE_NS_ASSERTIONS = NO;
				ENABLE_STRICT_OBJC_MSGSEND = YES;
				ENABLE_USER_SCRIPT_SANDBOXING = YES;
				GCC_C_LANGUAGE_STANDARD = gnu17;
				GCC_NO_COMMON_BLOCKS = YES;
				GCC_WARN_64_TO_32_BIT_CONVERSION = YES;
				GCC_WARN_ABOUT_RETURN_TYPE = YES_ERROR;
				GCC_WARN_UNDECLARED_SELECTOR = YES;
				GCC_WARN_UNINITIALIZED_AUTOS = YES_AGGRESSIVE;
				GCC_WARN_UNUSED_FUNCTION = YES;
				GCC_WARN_UNUSED_VARIABLE = YES;
				IPHONEOS_DEPLOYMENT_TARGET = 18.4;
				LOCALIZATION_PREFERS_STRING_CATALOGS = YES;
				MTL_ENABLE_DEBUG_INFO = NO;
				MTL_FAST_MATH = YES;
				SDKROOT = iphoneos;
				SWIFT_COMPILATION_MODE = wholemodule;
				VALIDATE_PRODUCT = YES;
			};
			name = Release;
		};
		1869DCAE2EC16680005E7109 /* Debug */ = {
			isa = XCBuildConfiguration;
			buildSettings = {
				ASSETCATALOG_COMPILER_APPICON_NAME = AppIcon;
				ASSETCATALOG_COMPILER_GLOBAL_ACCENT_COLOR_NAME = AccentColor;
				CODE_SIGN_STYLE = Automatic;
				CURRENT_PROJECT_VERSION = 1;
				DEVELOPMENT_TEAM = TB9B9824U4;
				ENABLE_PREVIEWS = YES;
				GENERATE_INFOPLIST_FILE = YES;
				INFOPLIST_KEY_UIApplicationSceneManifest_Generation = YES;
				INFOPLIST_KEY_UIApplicationSupportsIndirectInputEvents = YES;
				INFOPLIST_KEY_UILaunchScreen_Generation = YES;
				INFOPLIST_KEY_UISupportedInterfaceOrientations_iPad = "UIInterfaceOrientationPortrait UIInterfaceOrientationPortraitUpsideDown UIInterfaceOrientationLandscapeLeft UIInterfaceOrientationLandscapeRight";
				INFOPLIST_KEY_UISupportedInterfaceOrientations_iPhone = "UIInterfaceOrientationPortrait UIInterfaceOrientationLandscapeLeft UIInterfaceOrientationLandscapeRight";
				LD_RUNPATH_SEARCH_PATHS = (
					"$(inherited)",
					"@executable_path/Frameworks",
				);
				MARKETING_VERSION = 1.0;
				PRODUCT_BUNDLE_IDENTIFIER = "-.--------";
				PRODUCT_NAME = "$(TARGET_NAME)";
				SWIFT_EMIT_LOC_STRINGS = YES;
				SWIFT_VERSION = 5.0;
				TARGETED_DEVICE_FAMILY = "1,2";
			};
			name = Debug;
		};
		1869DCAF2EC16680005E7109 /* Release */ = {
			isa = XCBuildConfiguration;
			buildSettings = {
				ASSETCATALOG_COMPILER_APPICON_NAME = AppIcon;
				ASSETCATALOG_COMPILER_GLOBAL_ACCENT_COLOR_NAME = AccentColor;
				CODE_SIGN_STYLE = Automatic;
				CURRENT_PROJECT_VERSION = 1;
				DEVELOPMENT_TEAM = TB9B9824U4;
				ENABLE_PREVIEWS = YES;
				GENERATE_INFOPLIST_FILE = YES;
				INFOPLIST_KEY_UIApplicationSceneManifest_Generation = YES;
				INFOPLIST_KEY_UIApplicationSupportsIndirectInputEvents = YES;
				INFOPLIST_KEY_UILaunchScreen_Generation = YES;
				INFOPLIST_KEY_UISupportedInterfaceOrientations_iPad = "UIInterfaceOrientationPortrait UIInterfaceOrientationPortraitUpsideDown UIInterfaceOrientationLandscapeLeft UIInterfaceOrientationLandscapeRight";
				INFOPLIST_KEY_UISupportedInterfaceOrientations_iPhone = "UIInterfaceOrientationPortrait UIInterfaceOrientationLandscapeLeft UIInterfaceOrientationLandscapeRight";
				LD_RUNPATH_SEARCH_PATHS = (
					"$(inherited)",
					"@executable_path/Frameworks",
				);
				MARKETING_VERSION = 1.0;
				PRODUCT_BUNDLE_IDENTIFIER = "-.--------";
				PRODUCT_NAME = "$(TARGET_NAME)";
				SWIFT_EMIT_LOC_STRINGS = YES;
				SWIFT_VERSION = 5.0;
				TARGETED_DEVICE_FAMILY = "1,2";
			};
			name = Release;
		};
		1869DCB12EC16680005E7109 /* Debug */ = {
			isa = XCBuildConfiguration;
			buildSettings = {
				BUNDLE_LOADER = "$(TEST_HOST)";
				CODE_SIGN_STYLE = Automatic;
				CURRENT_PROJECT_VERSION = 1;
				DEVELOPMENT_TEAM = TB9B9824U4;
				GENERATE_INFOPLIST_FILE = YES;
				IPHONEOS_DEPLOYMENT_TARGET = 18.4;
				MARKETING_VERSION = 1.0;
				PRODUCT_BUNDLE_IDENTIFIER = "-.--------Tests";
				PRODUCT_NAME = "$(TARGET_NAME)";
				SWIFT_EMIT_LOC_STRINGS = NO;
				SWIFT_VERSION = 5.0;
				TARGETED_DEVICE_FAMILY = "1,2";
				TEST_HOST = "$(BUILT_PRODUCTS_DIR)/カウントダウン.app/$(BUNDLE_EXECUTABLE_FOLDER_PATH)/カウントダウン";
			};
			name = Debug;
		};
		1869DCB22EC16680005E7109 /* Release */ = {
			isa = XCBuildConfiguration;
			buildSettings = {
				BUNDLE_LOADER = "$(TEST_HOST)";
				CODE_SIGN_STYLE = Automatic;
				CURRENT_PROJECT_VERSION = 1;
				DEVELOPMENT_TEAM = TB9B9824U4;
				GENERATE_INFOPLIST_FILE = YES;
				IPHONEOS_DEPLOYMENT_TARGET = 18.4;
				MARKETING_VERSION = 1.0;
				PRODUCT_BUNDLE_IDENTIFIER = "-.--------Tests";
				PRODUCT_NAME = "$(TARGET_NAME)";
				SWIFT_EMIT_LOC_STRINGS = NO;
				SWIFT_VERSION = 5.0;
				TARGETED_DEVICE_FAMILY = "1,2";
				TEST_HOST = "$(BUILT_PRODUCTS_DIR)/カウントダウン.app/$(BUNDLE_EXECUTABLE_FOLDER_PATH)/カウントダウン";
			};
			name = Release;
		};
		1869DCB42EC16680005E7109 /* Debug */ = {
			isa = XCBuildConfiguration;
			buildSettings = {
				CODE_SIGN_STYLE = Automatic;
				CURRENT_PROJECT_VERSION = 1;
				DEVELOPMENT_TEAM = TB9B9824U4;
				GENERATE_INFOPLIST_FILE = YES;
				MARKETING_VERSION = 1.0;
				PRODUCT_BUNDLE_IDENTIFIER = "-.--------UITests";
				PRODUCT_NAME = "$(TARGET_NAME)";
				SWIFT_EMIT_LOC_STRINGS = NO;
				SWIFT_VERSION = 5.0;
				TARGETED_DEVICE_FAMILY = "1,2";
				TEST_TARGET_NAME = "カウントダウン";
			};
			name = Debug;
		};
		1869DCB52EC16680005E7109 /* Release */ = {
			isa = XCBuildConfiguration;
			buildSettings = {
				CODE_SIGN_STYLE = Automatic;
				CURRENT_PROJECT_VERSION = 1;
				DEVELOPMENT_TEAM = TB9B9824U4;
				GENERATE_INFOPLIST_FILE = YES;
				MARKETING_VERSION = 1.0;
				PRODUCT_BUNDLE_IDENTIFIER = "-.--------UITests";
				PRODUCT_NAME = "$(TARGET_NAME)";
				SWIFT_EMIT_LOC_STRINGS = NO;
				SWIFT_VERSION = 5.0;
				TARGETED_DEVICE_FAMILY = "1,2";
				TEST_TARGET_NAME = "カウントダウン";
			};
			name = Release;
		};
/* End XCBuildConfiguration section */

/* Begin XCConfigurationList section */
		1869DC872EC1667A005E7109 /* Build configuration list for PBXProject "カウントダウン" */ = {
			isa = XCConfigurationList;
			buildConfigurations = (
				1869DCAB2EC16680005E7109 /* Debug */,
				1869DCAC2EC16680005E7109 /* Release */,
			);
			defaultConfigurationIsVisible = 0;
			defaultConfigurationName = Release;
		};
		1869DCAD2EC16680005E7109 /* Build configuration list for PBXNativeTarget "カウントダウン" */ = {
			isa = XCConfigurationList;
			buildConfigurations = (
				1869DCAE2EC16680005E7109 /* Debug */,
				1869DCAF2EC16680005E7109 /* Release */,
			);
			defaultConfigurationIsVisible = 0;
			defaultConfigurationName = Release;
		};
		1869DCB02EC16680005E7109 /* Build configuration list for PBXNativeTarget "カウントダウンTests" */ = {
			isa = XCConfigurationList;
			buildConfigurations = (
				1869DCB12EC16680005E7109 /* Debug */,
				1869DCB22EC16680005E7109 /* Release */,
			);
			defaultConfigurationIsVisible = 0;
			defaultConfigurationName = Release;
		};
		1869DCB32EC16680005E7109 /* Build configuration list for PBXNativeTarget "カウントダウンUITests" */ = {
			isa = XCConfigurationList;
			buildConfigurations = (
				1869DCB42EC16680005E7109 /* Debug */,
				1869DCB52EC16680005E7109 /* Release */,
			);
			defaultConfigurationIsVisible = 0;
			defaultConfigurationName = Release;
		};
/* End XCConfigurationList section */
	};
	rootObject = 1869DC842EC1667A005E7109 /* Project object */;
}
